
Microsoft Visual Studio Solution File, Format Version 12.00
# Visual Studio Version 16
VisualStudioVersion = 16.0.31025.194
MinimumVisualStudioVersion = 10.0.40219.1
Project("{FAE04EC0-301F-11D3-BF4B-00C04F79EFBC}") = "BudgetMeter.Android", "BudgetMeter\BudgetMeter.Android\BudgetMeter.Android.csproj", "{94D22504-A3F1-4F3A-B2BD-ECE238DFA00A}"
EndProject
Project("{FAE04EC0-301F-11D3-BF4B-00C04F79EFBC}") = "BudgetMeter.iOS", "BudgetMeter\BudgetMeter.iOS\BudgetMeter.iOS.csproj", "{2770698F-8064-4E11-9EAB-01A083B7753C}"
EndProject
Project("{FAE04EC0-301F-11D3-BF4B-00C04F79EFBC}") = "BudgetMeter", "BudgetMeter\BudgetMeter\BudgetMeter.csproj", "{51F7B404-BFB8-4E64-9CCD-FAC510227200}"
EndProject
Global
	GlobalSection(SolutionConfigurationPlatforms) = preSolution
		Debug|Any CPU = Debug|Any CPU
		Debug|iPhone = Debug|iPhone
		Debug|iPhoneSimulator = Debug|iPhoneSimulator
		Release|Any CPU = Release|Any CPU
		Release|iPhone = Release|iPhone
		Release|iPhoneSimulator = Release|iPhoneSimulator
	EndGlobalSection
	GlobalSection(ProjectConfigurationPlatforms) = postSolution
		{94D22504-A3F1-4F3A-B2BD-ECE238DFA00A}.Debug|Any CPU.ActiveCfg = Debug|Any CPU
		{94D22504-A3F1-4F3A-B2BD-ECE238DFA00A}.Debug|Any CPU.Build.0 = Debug|Any CPU
		{94D22504-A3F1-4F3A-B2BD-ECE238DFA00A}.Debug|Any CPU.Deploy.0 = Debug|Any CPU
		{94D22504-A3F1-4F3A-B2BD-ECE238DFA00A}.Debug|iPhone.ActiveCfg = Debug|Any CPU
		{94D22504-A3F1-4F3A-B2BD-ECE238DFA00A}.Debug|iPhone.Build.0 = Debug|Any CPU
		{94D22504-A3F1-4F3A-B2BD-ECE238DFA00A}.Debug|iPhone.Deploy.0 = Debug|Any CPU
		{94D22504-A3F1-4F3A-B2BD-ECE238DFA00A}.Debug|iPhoneSimulator.ActiveCfg = Debug|Any CPU
		{94D22504-A3F1-4F3A-B2BD-ECE238DFA00A}.Debug|iPhoneSimulator.Build.0 = Debug|Any CPU
		{94D22504-A3F1-4F3A-B2BD-ECE238DFA00A}.Debug|iPhoneSimulator.Deploy.0 = Debug|Any CPU
		{94D22504-A3F1-4F3A-B2BD-ECE238DFA00A}.Release|Any CPU.ActiveCfg = Release|Any CPU
		{94D22504-A3F1-4F3A-B2BD-ECE238DFA00A}.Release|Any CPU.Build.0 = Release|Any CPU
		{94D22504-A3F1-4F3A-B2BD-ECE238DFA00A}.Release|Any CPU.Deploy.0 = Release|Any CPU
		{94D22504-A3F1-4F3A-B2BD-ECE238DFA00A}.Release|iPhone.ActiveCfg = Release|Any CPU
		{94D22504-A3F1-4F3A-B2BD-ECE238DFA00A}.Release|iPhone.Build.0 = Release|Any CPU
		{94D22504-A3F1-4F3A-B2BD-ECE238DFA00A}.Release|iPhone.Deploy.0 = Release|Any CPU
		{94D22504-A3F1-4F3A-B2BD-ECE238DFA00A}.Release|iPhoneSimulator.ActiveCfg = Release|Any CPU
		{94D22504-A3F1-4F3A-B2BD-ECE238DFA00A}.Release|iPhoneSimulator.Build.0 = Release|Any CPU
		{94D22504-A3F1-4F3A-B2BD-ECE238DFA00A}.Release|iPhoneSimulator.Deploy.0 = Release|Any CPU
		{2770698F-8064-4E11-9EAB-01A083B7753C}.Debug|Any CPU.ActiveCfg = Debug|iPhone
		{2770698F-8064-4E11-9EAB-01A083B7753C}.Debug|Any CPU.Build.0 = Debug|iPhone
		{2770698F-8064-4E11-9EAB-01A083B7753C}.Debug|Any CPU.Deploy.0 = Debug|iPhone
		{2770698F-8064-4E11-9EAB-01A083B7753C}.Debug|iPhone.ActiveCfg = Debug|iPhone
		{2770698F-8064-4E11-9EAB-01A083B7753C}.Debug|iPhone.Build.0 = Debug|iPhone
		{2770698F-8064-4E11-9EAB-01A083B7753C}.Debug|iPhone.Deploy.0 = Debug|iPhone
		{2770698F-8064-4E11-9EAB-01A083B7753C}.Debug|iPhoneSimulator.ActiveCfg = Debug|iPhoneSimulator
		{2770698F-8064-4E11-9EAB-01A083B7753C}.Debug|iPhoneSimulator.Build.0 = Debug|iPhoneSimulator
		{2770698F-8064-4E11-9EAB-01A083B7753C}.Debug|iPhoneSimulator.Deploy.0 = Debug|iPhoneSimulator
		{2770698F-8064-4E11-9EAB-01A083B7753C}.Release|Any CPU.ActiveCfg = Release|iPhoneSimulator
		{2770698F-8064-4E11-9EAB-01A083B7753C}.Release|Any CPU.Build.0 = Release|iPhoneSimulator
		{2770698F-8064-4E11-9EAB-01A083B7753C}.Release|Any CPU.Deploy.0 = Release|iPhoneSimulator
		{2770698F-8064-4E11-9EAB-01A083B7753C}.Release|iPhone.ActiveCfg = Release|iPhone
		{2770698F-8064-4E11-9EAB-01A083B7753C}.Release|iPhone.Build.0 = Release|iPhone
		{2770698F-8064-4E11-9EAB-01A083B7753C}.Release|iPhone.Deploy.0 = Release|iPhone
		{2770698F-8064-4E11-9EAB-01A083B7753C}.Release|iPhoneSimulator.ActiveCfg = Release|iPhoneSimulator
		{2770698F-8064-4E11-9EAB-01A083B7753C}.Release|iPhoneSimulator.Build.0 = Release|iPhoneSimulator
		{2770698F-8064-4E11-9EAB-01A083B7753C}.Release|iPhoneSimulator.Deploy.0 = Release|iPhoneSimulator
		{51F7B404-BFB8-4E64-9CCD-FAC510227200}.Debug|Any CPU.ActiveCfg = Debug|Any CPU
		{51F7B404-BFB8-4E64-9CCD-FAC510227200}.Debug|Any CPU.Build.0 = Debug|Any CPU
		{51F7B404-BFB8-4E64-9CCD-FAC510227200}.Debug|Any CPU.Deploy.0 = Debug|Any CPU
		{51F7B404-BFB8-4E64-9CCD-FAC510227200}.Debug|iPhone.ActiveCfg = Debug|Any CPU
		{51F7B404-BFB8-4E64-9CCD-FAC510227200}.Debug|iPhone.Build.0 = Debug|Any CPU
		{51F7B404-BFB8-4E64-9CCD-FAC510227200}.Debug|iPhone.Deploy.0 = Debug|Any CPU
		{51F7B404-BFB8-4E64-9CCD-FAC510227200}.Debug|iPhoneSimulator.ActiveCfg = Debug|Any CPU
		{51F7B404-BFB8-4E64-9CCD-FAC510227200}.Debug|iPhoneSimulator.Build.0 = Debug|Any CPU
		{51F7B404-BFB8-4E64-9CCD-FAC510227200}.Debug|iPhoneSimulator.Deploy.0 = Debug|Any CPU
		{51F7B404-BFB8-4E64-9CCD-FAC510227200}.Release|Any CPU.ActiveCfg = Release|Any CPU
		{51F7B404-BFB8-4E64-9CCD-FAC510227200}.Release|Any CPU.Build.0 = Release|Any CPU
		{51F7B404-BFB8-4E64-9CCD-FAC510227200}.Release|Any CPU.Deploy.0 = Release|Any CPU
		{51F7B404-BFB8-4E64-9CCD-FAC510227200}.Release|iPhone.ActiveCfg = Release|Any CPU
		{51F7B404-BFB8-4E64-9CCD-FAC510227200}.Release|iPhone.Build.0 = Release|Any CPU
		{51F7B404-BFB8-4E64-9CCD-FAC510227200}.Release|iPhone.Deploy.0 = Release|Any CPU
		{51F7B404-BFB8-4E64-9CCD-FAC510227200}.Release|iPhoneSimulator.ActiveCfg = Release|Any CPU
		{51F7B404-BFB8-4E64-9CCD-FAC510227200}.Release|iPhoneSimulator.Build.0 = Release|Any CPU
		{51F7B404-BFB8-4E64-9CCD-FAC510227200}.Release|iPhoneSimulator.Deploy.0 = Release|Any CPU
	EndGlobalSection
	GlobalSection(SolutionProperties) = preSolution
		HideSolutionNode = FALSE
	EndGlobalSection
	GlobalSection(ExtensibilityGlobals) = postSolution
		SolutionGuid = {102FBC82-5067-4E7A-AA92-D3348612A1BF}
	EndGlobalSection
EndGlobal
